
Microsoft Visual Studio Solution File, Format Version 12.00
# Visual Studio Version 16
VisualStudioVersion = 16.0.30717.126
MinimumVisualStudioVersion = 10.0.40219.1
Project("{FAE04EC0-301F-11D3-BF4B-00C04F79EFBC}") = "Interview_BasicCRUD", "Interview_BasicCRUD\Interview_BasicCRUD.csproj", "{15D16B47-D2BF-471B-8514-A93F2709A8FE}"
EndProject
Global
	GlobalSection(SolutionConfigurationPlatforms) = preSolution
		Debug|Any CPU = Debug|Any CPU
		Release|Any CPU = Release|Any CPU
	EndGlobalSection
	GlobalSection(ProjectConfigurationPlatforms) = postSolution
		{15D16B47-D2BF-471B-8514-A93F2709A8FE}.Debug|Any CPU.ActiveCfg = Debug|Any CPU
		{15D16B47-D2BF-471B-8514-A93F2709A8FE}.Debug|Any CPU.Build.0 = Debug|Any CPU
		{15D16B47-D2BF-471B-8514-A93F2709A8FE}.Release|Any CPU.ActiveCfg = Release|Any CPU
		{15D16B47-D2BF-471B-8514-A93F2709A8FE}.Release|Any CPU.Build.0 = Release|Any CPU
	EndGlobalSection
	GlobalSection(SolutionProperties) = preSolution
		HideSolutionNode = FALSE
	EndGlobalSection
	GlobalSection(ExtensibilityGlobals) = postSolution
		SolutionGuid = {9359D1B3-0775-4459-8270-AD16E0F85DB6}
	EndGlobalSection
EndGlobal
